// !$*UTF8*$!
{
	archiveVersion = 1;
	classes = {
	};
	objectVersion = 56;
	objects = {

/* Begin PBXBuildFile section */
		F463617329D932F100C83A75 /* colorIndex.cpp in Sources */ = {isa = PBXBuildFile; fileRef = F463616929D932F100C83A75 /* colorIndex.cpp */; };
		F463617429D932F100C83A75 /* getIndex.cpp in Sources */ = {isa = PBXBuildFile; fileRef = F463616B29D932F100C83A75 /* getIndex.cpp */; };
		F463617529D932F100C83A75 /* labToAchromaticPreference.cpp in Sources */ = {isa = PBXBuildFile; fileRef = F463616C29D932F100C83A75 /* labToAchromaticPreference.cpp */; };
		F463617629D932F100C83A75 /* labList.cpp in Sources */ = {isa = PBXBuildFile; fileRef = F463616D29D932F100C83A75 /* labList.cpp */; };
		F463617729D932F100C83A75 /* labToCH.cpp in Sources */ = {isa = PBXBuildFile; fileRef = F463617129D932F100C83A75 /* labToCH.cpp */; };
		F463617829D932F100C83A75 /* labToCoolness.cpp in Sources */ = {isa = PBXBuildFile; fileRef = F463617229D932F100C83A75 /* labToCoolness.cpp */; };
		F463617F29D9332800C83A75 /* colorNames_Counts.cpp in Sources */ = {isa = PBXBuildFile; fileRef = F463617C29D9332800C83A75 /* colorNames_Counts.cpp */; };
		F463618029D9332800C83A75 /* colorNames_T.cpp in Sources */ = {isa = PBXBuildFile; fileRef = F463617E29D9332800C83A75 /* colorNames_T.cpp */; };
		F4DBB7DD29D92DE4000DB337 /* main.cpp in Sources */ = {isa = PBXBuildFile; fileRef = F4DBB7DC29D92DE4000DB337 /* main.cpp */; };
		F4DBB7E829D92F27000DB337 /* ciede2000.cpp in Sources */ = {isa = PBXBuildFile; fileRef = F4DBB7E729D92F27000DB337 /* ciede2000.cpp */; };
		F4DBB7EA29D92F96000DB337 /* nameDifference.cpp in Sources */ = {isa = PBXBuildFile; fileRef = F4DBB7E929D92F96000DB337 /* nameDifference.cpp */; };
		F4DBB7EC29D92FB3000DB337 /* nameUniqueness.cpp in Sources */ = {isa = PBXBuildFile; fileRef = F4DBB7EB29D92FB3000DB337 /* nameUniqueness.cpp */; };
		F4DBB7EE29D92FDD000DB337 /* pairPreference.cpp in Sources */ = {isa = PBXBuildFile; fileRef = F4DBB7ED29D92FDD000DB337 /* pairPreference.cpp */; };
/* End PBXBuildFile section */

/* Begin PBXCopyFilesBuildPhase section */
		F4DBB7D729D92DE4000DB337 /* CopyFiles */ = {
			isa = PBXCopyFilesBuildPhase;
			buildActionMask = 2147483647;
			dstPath = /usr/share/man/man1/;
			dstSubfolderSpec = 0;
			files = (
			);
			runOnlyForDeploymentPostprocessing = 1;
		};
/* End PBXCopyFilesBuildPhase section */

/* Begin PBXFileReference section */
		F463616829D932F100C83A75 /* labToCoolness.h */ = {isa = PBXFileReference; fileEncoding = 4; lastKnownFileType = sourcecode.c.h; name = labToCoolness.h; path = util/labToCoolness.h; sourceTree = "<group>"; };
		F463616929D932F100C83A75 /* colorIndex.cpp */ = {isa = PBXFileReference; fileEncoding = 4; lastKnownFileType = sourcecode.cpp.cpp; name = colorIndex.cpp; path = util/colorIndex.cpp; sourceTree = "<group>"; };
		F463616A29D932F100C83A75 /* labList.h */ = {isa = PBXFileReference; fileEncoding = 4; lastKnownFileType = sourcecode.c.h; name = labList.h; path = util/labList.h; sourceTree = "<group>"; };
		F463616B29D932F100C83A75 /* getIndex.cpp */ = {isa = PBXFileReference; fileEncoding = 4; lastKnownFileType = sourcecode.cpp.cpp; name = getIndex.cpp; path = util/getIndex.cpp; sourceTree = "<group>"; };
		F463616C29D932F100C83A75 /* labToAchromaticPreference.cpp */ = {isa = PBXFileReference; fileEncoding = 4; lastKnownFileType = sourcecode.cpp.cpp; name = labToAchromaticPreference.cpp; path = util/labToAchromaticPreference.cpp; sourceTree = "<group>"; };
		F463616D29D932F100C83A75 /* labList.cpp */ = {isa = PBXFileReference; fileEncoding = 4; lastKnownFileType = sourcecode.cpp.cpp; name = labList.cpp; path = util/labList.cpp; sourceTree = "<group>"; };
		F463616E29D932F100C83A75 /* getIndex.h */ = {isa = PBXFileReference; fileEncoding = 4; lastKnownFileType = sourcecode.c.h; name = getIndex.h; path = util/getIndex.h; sourceTree = "<group>"; };
		F463616F29D932F100C83A75 /* labToAchromaticPreference.h */ = {isa = PBXFileReference; fileEncoding = 4; lastKnownFileType = sourcecode.c.h; name = labToAchromaticPreference.h; path = util/labToAchromaticPreference.h; sourceTree = "<group>"; };
		F463617029D932F100C83A75 /* labToCH.h */ = {isa = PBXFileReference; fileEncoding = 4; lastKnownFileType = sourcecode.c.h; name = labToCH.h; path = util/labToCH.h; sourceTree = "<group>"; };
		F463617129D932F100C83A75 /* labToCH.cpp */ = {isa = PBXFileReference; fileEncoding = 4; lastKnownFileType = sourcecode.cpp.cpp; name = labToCH.cpp; path = util/labToCH.cpp; sourceTree = "<group>"; };
		F463617229D932F100C83A75 /* labToCoolness.cpp */ = {isa = PBXFileReference; fileEncoding = 4; lastKnownFileType = sourcecode.cpp.cpp; name = labToCoolness.cpp; path = util/labToCoolness.cpp; sourceTree = "<group>"; };
		F463617C29D9332800C83A75 /* colorNames_Counts.cpp */ = {isa = PBXFileReference; fileEncoding = 4; lastKnownFileType = sourcecode.cpp.cpp; name = colorNames_Counts.cpp; path = colorNames/colorNames_Counts.cpp; sourceTree = "<group>"; };
		F463617D29D9332800C83A75 /* colorNames.h */ = {isa = PBXFileReference; fileEncoding = 4; lastKnownFileType = sourcecode.c.h; name = colorNames.h; path = colorNames/colorNames.h; sourceTree = "<group>"; };
		F463617E29D9332800C83A75 /* colorNames_T.cpp */ = {isa = PBXFileReference; fileEncoding = 4; lastKnownFileType = sourcecode.cpp.cpp; name = colorNames_T.cpp; path = colorNames/colorNames_T.cpp; sourceTree = "<group>"; };
		F4DBB7D929D92DE4000DB337 /* ColorMeasure */ = {isa = PBXFileReference; explicitFileType = "compiled.mach-o.executable"; includeInIndex = 0; path = ColorMeasure; sourceTree = BUILT_PRODUCTS_DIR; };
		F4DBB7DC29D92DE4000DB337 /* main.cpp */ = {isa = PBXFileReference; lastKnownFileType = sourcecode.cpp.cpp; path = main.cpp; sourceTree = "<group>"; };
		F4DBB7E329D92EED000DB337 /* scores.h */ = {isa = PBXFileReference; lastKnownFileType = sourcecode.c.h; path = scores.h; sourceTree = "<group>"; };
		F4DBB7E729D92F27000DB337 /* ciede2000.cpp */ = {isa = PBXFileReference; lastKnownFileType = sourcecode.cpp.cpp; path = ciede2000.cpp; sourceTree = "<group>"; };
		F4DBB7E929D92F96000DB337 /* nameDifference.cpp */ = {isa = PBXFileReference; lastKnownFileType = sourcecode.cpp.cpp; path = nameDifference.cpp; sourceTree = "<group>"; };
		F4DBB7EB29D92FB3000DB337 /* nameUniqueness.cpp */ = {isa = PBXFileReference; lastKnownFileType = sourcecode.cpp.cpp; path = nameUniqueness.cpp; sourceTree = "<group>"; };
		F4DBB7ED29D92FDD000DB337 /* pairPreference.cpp */ = {isa = PBXFileReference; lastKnownFileType = sourcecode.cpp.cpp; path = pairPreference.cpp; sourceTree = "<group>"; };
/* End PBXFileReference section */

/* Begin PBXFrameworksBuildPhase section */
		F4DBB7D629D92DE4000DB337 /* Frameworks */ = {
			isa = PBXFrameworksBuildPhase;
			buildActionMask = 2147483647;
			files = (
			);
			runOnlyForDeploymentPostprocessing = 0;
		};
/* End PBXFrameworksBuildPhase section */

/* Begin PBXGroup section */
		F463616729D932E700C83A75 /* util */ = {
			isa = PBXGroup;
			children = (
				F463616929D932F100C83A75 /* colorIndex.cpp */,
				F463616B29D932F100C83A75 /* getIndex.cpp */,
				F463616E29D932F100C83A75 /* getIndex.h */,
				F463616D29D932F100C83A75 /* labList.cpp */,
				F463616A29D932F100C83A75 /* labList.h */,
				F463616C29D932F100C83A75 /* labToAchromaticPreference.cpp */,
				F463616F29D932F100C83A75 /* labToAchromaticPreference.h */,
				F463617129D932F100C83A75 /* labToCH.cpp */,
				F463617029D932F100C83A75 /* labToCH.h */,
				F463617229D932F100C83A75 /* labToCoolness.cpp */,
				F463616829D932F100C83A75 /* labToCoolness.h */,
			);
			name = util;
			sourceTree = "<group>";
		};
		F463617B29D9331C00C83A75 /* colorNames */ = {
			isa = PBXGroup;
			children = (
				F463617C29D9332800C83A75 /* colorNames_Counts.cpp */,
				F463617E29D9332800C83A75 /* colorNames_T.cpp */,
				F463617D29D9332800C83A75 /* colorNames.h */,
			);
			name = colorNames;
			sourceTree = "<group>";
		};
		F4DBB7D029D92DE4000DB337 = {
			isa = PBXGroup;
			children = (
				F4DBB7DB29D92DE4000DB337 /* ColorMeasure */,
				F4DBB7DA29D92DE4000DB337 /* Products */,
			);
			sourceTree = "<group>";
		};
		F4DBB7DA29D92DE4000DB337 /* Products */ = {
			isa = PBXGroup;
			children = (
				F4DBB7D929D92DE4000DB337 /* ColorMeasure */,
			);
			name = Products;
			sourceTree = "<group>";
		};
		F4DBB7DB29D92DE4000DB337 /* ColorMeasure */ = {
			isa = PBXGroup;
			children = (
				F4DBB7DC29D92DE4000DB337 /* main.cpp */,
				F4DBB7E329D92EED000DB337 /* scores.h */,
				F4DBB7E729D92F27000DB337 /* ciede2000.cpp */,
				F4DBB7E929D92F96000DB337 /* nameDifference.cpp */,
				F463617B29D9331C00C83A75 /* colorNames */,
				F4DBB7EB29D92FB3000DB337 /* nameUniqueness.cpp */,
				F463616729D932E700C83A75 /* util */,
				F4DBB7ED29D92FDD000DB337 /* pairPreference.cpp */,
			);
			path = ColorMeasure;
			sourceTree = "<group>";
		};
/* End PBXGroup section */

/* Begin PBXNativeTarget section */
		F4DBB7D829D92DE4000DB337 /* ColorMeasure */ = {
			isa = PBXNativeTarget;
			buildConfigurationList = F4DBB7E029D92DE4000DB337 /* Build configuration list for PBXNativeTarget "ColorMeasure" */;
			buildPhases = (
				F4DBB7D529D92DE4000DB337 /* Sources */,
				F4DBB7D629D92DE4000DB337 /* Frameworks */,
				F4DBB7D729D92DE4000DB337 /* CopyFiles */,
			);
			buildRules = (
			);
			dependencies = (
			);
			name = ColorMeasure;
			productName = ColorMeasure;
			productReference = F4DBB7D929D92DE4000DB337 /* ColorMeasure */;
			productType = "com.apple.product-type.tool";
		};
/* End PBXNativeTarget section */

/* Begin PBXProject section */
		F4DBB7D129D92DE4000DB337 /* Project object */ = {
			isa = PBXProject;
			attributes = {
				BuildIndependentTargetsInParallel = 1;
				LastUpgradeCheck = 1430;
				TargetAttributes = {
					F4DBB7D829D92DE4000DB337 = {
						CreatedOnToolsVersion = 14.3;
					};
				};
			};
			buildConfigurationList = F4DBB7D429D92DE4000DB337 /* Build configuration list for PBXProject "ColorMeasure" */;
			compatibilityVersion = "Xcode 14.0";
			developmentRegion = en;
			hasScannedForEncodings = 0;
			knownRegions = (
				en,
				Base,
			);
			mainGroup = F4DBB7D029D92DE4000DB337;
			productRefGroup = F4DBB7DA29D92DE4000DB337 /* Products */;
			projectDirPath = "";
			projectRoot = "";
			targets = (
				F4DBB7D829D92DE4000DB337 /* ColorMeasure */,
			);
		};
/* End PBXProject section */

/* Begin PBXSourcesBuildPhase section */
		F4DBB7D529D92DE4000DB337 /* Sources */ = {
			isa = PBXSourcesBuildPhase;
			buildActionMask = 2147483647;
			files = (
				F4DBB7E829D92F27000DB337 /* ciede2000.cpp in Sources */,
				F463617829D932F100C83A75 /* labToCoolness.cpp in Sources */,
				F463617729D932F100C83A75 /* labToCH.cpp in Sources */,
				F4DBB7DD29D92DE4000DB337 /* main.cpp in Sources */,
				F463617529D932F100C83A75 /* labToAchromaticPreference.cpp in Sources */,
				F463617329D932F100C83A75 /* colorIndex.cpp in Sources */,
				F4DBB7EC29D92FB3000DB337 /* nameUniqueness.cpp in Sources */,
				F4DBB7EE29D92FDD000DB337 /* pairPreference.cpp in Sources */,
				F463617F29D9332800C83A75 /* colorNames_Counts.cpp in Sources */,
				F463617629D932F100C83A75 /* labList.cpp in Sources */,
				F4DBB7EA29D92F96000DB337 /* nameDifference.cpp in Sources */,
				F463617429D932F100C83A75 /* getIndex.cpp in Sources */,
				F463618029D9332800C83A75 /* colorNames_T.cpp in Sources */,
			);
			runOnlyForDeploymentPostprocessing = 0;
		};
/* End PBXSourcesBuildPhase section */

/* Begin XCBuildConfiguration section */
		F4DBB7DE29D92DE4000DB337 /* Debug */ = {
			isa = XCBuildConfiguration;
			buildSettings = {
				ALWAYS_SEARCH_USER_PATHS = NO;
				CLANG_ANALYZER_NONNULL = YES;
				CLANG_ANALYZER_NUMBER_OBJECT_CONVERSION = YES_AGGRESSIVE;
				CLANG_CXX_LANGUAGE_STANDARD = "gnu++20";
				CLANG_ENABLE_MODULES = YES;
				CLANG_ENABLE_OBJC_ARC = YES;
				CLANG_ENABLE_OBJC_WEAK = YES;
				CLANG_WARN_BLOCK_CAPTURE_AUTORELEASING = YES;
				CLANG_WARN_BOOL_CONVERSION = YES;
				CLANG_WARN_COMMA = YES;
				CLANG_WARN_CONSTANT_CONVERSION = YES;
				CLANG_WARN_DEPRECATED_OBJC_IMPLEMENTATIONS = YES;
				CLANG_WARN_DIRECT_OBJC_ISA_USAGE = YES_ERROR;
				CLANG_WARN_DOCUMENTATION_COMMENTS = YES;
				CLANG_WARN_EMPTY_BODY = YES;
				CLANG_WARN_ENUM_CONVERSION = YES;
				CLANG_WARN_INFINITE_RECURSION = YES;
				CLANG_WARN_INT_CONVERSION = YES;
				CLANG_WARN_NON_LITERAL_NULL_CONVERSION = YES;
				CLANG_WARN_OBJC_IMPLICIT_RETAIN_SELF = YES;
				CLANG_WARN_OBJC_LITERAL_CONVERSION = YES;
				CLANG_WARN_OBJC_ROOT_CLASS = YES_ERROR;
				CLANG_WARN_QUOTED_INCLUDE_IN_FRAMEWORK_HEADER = YES;
				CLANG_WARN_RANGE_LOOP_ANALYSIS = YES;
				CLANG_WARN_STRICT_PROTOTYPES = YES;
				CLANG_WARN_SUSPICIOUS_MOVE = YES;
				CLANG_WARN_UNGUARDED_AVAILABILITY = YES_AGGRESSIVE;
				CLANG_WARN_UNREACHABLE_CODE = YES;
				CLANG_WARN__DUPLICATE_METHOD_MATCH = YES;
				COPY_PHASE_STRIP = NO;
				DEBUG_INFORMATION_FORMAT = dwarf;
				ENABLE_STRICT_OBJC_MSGSEND = YES;
				ENABLE_TESTABILITY = YES;
				GCC_C_LANGUAGE_STANDARD = gnu11;
				GCC_DYNAMIC_NO_PIC = NO;
				GCC_NO_COMMON_BLOCKS = YES;
				GCC_OPTIMIZATION_LEVEL = 0;
				GCC_PREPROCESSOR_DEFINITIONS = (
					"DEBUG=1",
					"$(inherited)",
				);
				GCC_WARN_64_TO_32_BIT_CONVERSION = YES;
				GCC_WARN_ABOUT_RETURN_TYPE = YES_ERROR;
				GCC_WARN_UNDECLARED_SELECTOR = YES;
				GCC_WARN_UNINITIALIZED_AUTOS = YES_AGGRESSIVE;
				GCC_WARN_UNUSED_FUNCTION = YES;
				GCC_WARN_UNUSED_VARIABLE = YES;
				MACOSX_DEPLOYMENT_TARGET = 13.2;
				MTL_ENABLE_DEBUG_INFO = INCLUDE_SOURCE;
				MTL_FAST_MATH = YES;
				ONLY_ACTIVE_ARCH = YES;
				SDKROOT = macosx;
			};
			name = Debug;
		};
		F4DBB7DF29D92DE4000DB337 /* Release */ = {
			isa = XCBuildConfiguration;
			buildSettings = {
				ALWAYS_SEARCH_USER_PATHS = NO;
				CLANG_ANALYZER_NONNULL = YES;
				CLANG_ANALYZER_NUMBER_OBJECT_CONVERSION = YES_AGGRESSIVE;
				CLANG_CXX_LANGUAGE_STANDARD = "gnu++20";
				CLANG_ENABLE_MODULES = YES;
				CLANG_ENABLE_OBJC_ARC = YES;
				CLANG_ENABLE_OBJC_WEAK = YES;
				CLANG_WARN_BLOCK_CAPTURE_AUTORELEASING = YES;
				CLANG_WARN_BOOL_CONVERSION = YES;
				CLANG_WARN_COMMA = YES;
				CLANG_WARN_CONSTANT_CONVERSION = YES;
				CLANG_WARN_DEPRECATED_OBJC_IMPLEMENTATIONS = YES;
				CLANG_WARN_DIRECT_OBJC_ISA_USAGE = YES_ERROR;
				CLANG_WARN_DOCUMENTATION_COMMENTS = YES;
				CLANG_WARN_EMPTY_BODY = YES;
				CLANG_WARN_ENUM_CONVERSION = YES;
				CLANG_WARN_INFINITE_RECURSION = YES;
				CLANG_WARN_INT_CONVERSION = YES;
				CLANG_WARN_NON_LITERAL_NULL_CONVERSION = YES;
				CLANG_WARN_OBJC_IMPLICIT_RETAIN_SELF = YES;
				CLANG_WARN_OBJC_LITERAL_CONVERSION = YES;
				CLANG_WARN_OBJC_ROOT_CLASS = YES_ERROR;
				CLANG_WARN_QUOTED_INCLUDE_IN_FRAMEWORK_HEADER = YES;
				CLANG_WARN_RANGE_LOOP_ANALYSIS = YES;
				CLANG_WARN_STRICT_PROTOTYPES = YES;
				CLANG_WARN_SUSPICIOUS_MOVE = YES;
				CLANG_WARN_UNGUARDED_AVAILABILITY = YES_AGGRESSIVE;
				CLANG_WARN_UNREACHABLE_CODE = YES;
				CLANG_WARN__DUPLICATE_METHOD_MATCH = YES;
				COPY_PHASE_STRIP = NO;
				DEBUG_INFORMATION_FORMAT = "dwarf-with-dsym";
				ENABLE_NS_ASSERTIONS = NO;
				ENABLE_STRICT_OBJC_MSGSEND = YES;
				GCC_C_LANGUAGE_STANDARD = gnu11;
				GCC_NO_COMMON_BLOCKS = YES;
				GCC_WARN_64_TO_32_BIT_CONVERSION = YES;
				GCC_WARN_ABOUT_RETURN_TYPE = YES_ERROR;
				GCC_WARN_UNDECLARED_SELECTOR = YES;
				GCC_WARN_UNINITIALIZED_AUTOS = YES_AGGRESSIVE;
				GCC_WARN_UNUSED_FUNCTION = YES;
				GCC_WARN_UNUSED_VARIABLE = YES;
				MACOSX_DEPLOYMENT_TARGET = 13.2;
				MTL_ENABLE_DEBUG_INFO = NO;
				MTL_FAST_MATH = YES;
				SDKROOT = macosx;
			};
			name = Release;
		};
		F4DBB7E129D92DE4000DB337 /* Debug */ = {
			isa = XCBuildConfiguration;
			buildSettings = {
				CODE_SIGN_STYLE = Automatic;
				PRODUCT_NAME = "$(TARGET_NAME)";
			};
			name = Debug;
		};
		F4DBB7E229D92DE4000DB337 /* Release */ = {
			isa = XCBuildConfiguration;
			buildSettings = {
				CODE_SIGN_STYLE = Automatic;
				PRODUCT_NAME = "$(TARGET_NAME)";
			};
			name = Release;
		};
/* End XCBuildConfiguration section */

/* Begin XCConfigurationList section */
		F4DBB7D429D92DE4000DB337 /* Build configuration list for PBXProject "ColorMeasure" */ = {
			isa = XCConfigurationList;
			buildConfigurations = (
				F4DBB7DE29D92DE4000DB337 /* Debug */,
				F4DBB7DF29D92DE4000DB337 /* Release */,
			);
			defaultConfigurationIsVisible = 0;
			defaultConfigurationName = Release;
		};
		F4DBB7E029D92DE4000DB337 /* Build configuration list for PBXNativeTarget "ColorMeasure" */ = {
			isa = XCConfigurationList;
			buildConfigurations = (
				F4DBB7E129D92DE4000DB337 /* Debug */,
				F4DBB7E229D92DE4000DB337 /* Release */,
			);
			defaultConfigurationIsVisible = 0;
			defaultConfigurationName = Release;
		};
/* End XCConfigurationList section */
	};
	rootObject = F4DBB7D129D92DE4000DB337 /* Project object */;
}
